<?xml version="1.0" encoding="utf-8"?>
<Project ToolsVersion="4.0" xmlns="http://schemas.microsoft.com/developer/msbuild/2003">
  <ItemGroup>
    <ClCompile Include="Algorithm.cpp" />
    <ClCompile Include="BulletCreate.cpp" />
    <ClCompile Include="BulletUpdate.cpp" />
    <ClCompile Include="Collision.cpp" />
    <ClCompile Include="CollisionObject.cpp" />
    <ClCompile Include="Color.cpp" />
    <ClCompile Include="CommandCenter.cpp" />
    <ClCompile Include="Constants.cpp" />
    <ClCompile Include="DirectedLight.cpp" />
    <ClCompile Include="Enemy.cpp" />
    <ClCompile Include="Game.cpp" />
    <ClCompile Include="Grid.cpp" />
    <ClCompile Include="Hive.cpp" />
    <ClCompile Include="Hud.cpp" />
    <ClCompile Include="Light.cpp" />
    <ClCompile Include="LightingArea.cpp" />
    <ClCompile Include="LightSource.cpp" />
    <ClCompile Include="Line.cpp" />
    <ClCompile Include="main.cpp" />
    <ClCompile Include="Marker.cpp" />
    <ClCompile Include="MathUtility.cpp" />
    <ClCompile Include="Menu.cpp" />
    <ClCompile Include="Movement.cpp" />
    <ClCompile Include="Particle.cpp" />
    <ClCompile Include="ParticleSystem.cpp" />
    <ClCompile Include="Platform.cpp" />
    <ClCompile Include="Player.cpp" />
    <ClCompile Include="Polygon.cpp" />
    <ClCompile Include="Pulse.cpp" />
    <ClCompile Include="RadialLight.cpp" />
    <ClCompile Include="Toxic.cpp" />
    <ClCompile Include="VertexArray.cpp" />
    <ClCompile Include="Wall.cpp" />
  </ItemGroup>
  <ItemGroup>
    <ClInclude Include="Algorithm.h" />
    <ClInclude Include="BulletUpdate.h" />
    <ClInclude Include="BulletCreate.h" />
    <ClInclude Include="Collision.h" />
    <ClInclude Include="CollisionObject.h" />
    <ClInclude Include="CommandCenter.h" />
    <ClInclude Include="Enemy.h" />
    <ClInclude Include="Game.h" />
    <ClInclude Include="GameState.h" />
    <ClInclude Include="Grid.h" />
    <ClInclude Include="Hive.h" />
    <ClInclude Include="Hud.h" />
    <ClInclude Include="Light.h" />
    <ClInclude Include="Marker.h" />
    <ClInclude Include="MathUtility.h" />
    <ClInclude Include="Menu.h" />
    <ClInclude Include="Movement.h" />
    <ClInclude Include="Particle.h" />
    <ClInclude Include="ParticleSystem.h" />
    <ClInclude Include="Platform.h" />
    <ClInclude Include="Player.h" />
    <ClInclude Include="Pulse.h" />
    <ClInclude Include="Toxic.h" />
    <ClInclude Include="Wall.h" />
  </ItemGroup>
</Project>